github.com/DmKorshenkov/helper v0.0.0-20241210134553-663b6afa59a8 h1:VPk2l9Wb0w8nK3ivLmMFIoIeFSRrXdnWdtF0UpT7Bxg=
github.com/DmKorshenkov/helper v0.0.0-20241210134553-663b6afa59a8/go.mod h1:EGkaW0TzsLujaIp2ecjnQjEWka+C37Fl4Gdv7lBID3Q=
github.com/go-telegram/bot v1.11.1 h1:pvsXydwKpNcD1M4Y5TeKzGHUuRuQwx+FRXXgcviEFGc=
github.com/go-telegram/bot v1.11.1/go.mod h1:i2TRs7fXWIeaceF3z7KzsMt/he0TwkVC680mvdTFYeM=
